// !$*UTF8*$!
{
	archiveVersion = 1;
	classes = {
	};
	objectVersion = 56;
	objects = {

/* Begin PBXBuildFile section */
		31BBF2C92AE101700033A488 /* ReadMe in Resources */ = {isa = PBXBuildFile; fileRef = 31BBF2C82AE101700033A488 /* ReadMe */; };
		31BBF2CB2AE101FD0033A488 /* www in Resources */ = {isa = PBXBuildFile; fileRef = 31BBF2CA2AE101FD0033A488 /* www */; };
		31BBF2CD2AE102120033A488 /* config.xml in Resources */ = {isa = PBXBuildFile; fileRef = 31BBF2CC2AE102120033A488 /* config.xml */; };
		31BBF2ED2AE1021F0033A488 /* CDVFile.m in Sources */ = {isa = PBXBuildFile; fileRef = 31BBF2D12AE1021F0033A488 /* CDVFile.m */; };
		31BBF2EE2AE1021F0033A488 /* CDVAssetLibraryFilesystem.m in Sources */ = {isa = PBXBuildFile; fileRef = 31BBF2D32AE1021F0033A488 /* CDVAssetLibraryFilesystem.m */; };
		31BBF2EF2AE1021F0033A488 /* CDVLocalFilesystem.m in Sources */ = {isa = PBXBuildFile; fileRef = 31BBF2D42AE1021F0033A488 /* CDVLocalFilesystem.m */; };
		31BBF2F02AE1021F0033A488 /* FileOpener2.m in Sources */ = {isa = PBXBuildFile; fileRef = 31BBF2D82AE1021F0033A488 /* FileOpener2.m */; };
		31BBF2F12AE1021F0033A488 /* CDVDevice.m in Sources */ = {isa = PBXBuildFile; fileRef = 31BBF2DA2AE1021F0033A488 /* CDVDevice.m */; };
		31BBF2F22AE1021F0033A488 /* README in Resources */ = {isa = PBXBuildFile; fileRef = 31BBF2DC2AE1021F0033A488 /* README */; };
		31BBF2F32AE1021F0033A488 /* CDVReachability.m in Sources */ = {isa = PBXBuildFile; fileRef = 31BBF2DF2AE1021F0033A488 /* CDVReachability.m */; };
		31BBF2F42AE1021F0033A488 /* CDVConnection.m in Sources */ = {isa = PBXBuildFile; fileRef = 31BBF2E02AE1021F0033A488 /* CDVConnection.m */; };
		31BBF2F52AE1021F0033A488 /* CDVCamera.m in Sources */ = {isa = PBXBuildFile; fileRef = 31BBF2E62AE1021F0033A488 /* CDVCamera.m */; };
		31BBF2F62AE1021F0033A488 /* UIImage+CropScaleOrientation.m in Sources */ = {isa = PBXBuildFile; fileRef = 31BBF2E72AE1021F0033A488 /* UIImage+CropScaleOrientation.m */; };
		31BBF2F72AE1021F0033A488 /* CDVJpegHeaderWriter.m in Sources */ = {isa = PBXBuildFile; fileRef = 31BBF2E82AE1021F0033A488 /* CDVJpegHeaderWriter.m */; };
		31BBF2F82AE1021F0033A488 /* CDVStatusBar.m in Sources */ = {isa = PBXBuildFile; fileRef = 31BBF2EB2AE1021F0033A488 /* CDVStatusBar.m */; };
		31BBF2FA2AE107580033A488 /* RootViewController.swift in Sources */ = {isa = PBXBuildFile; fileRef = 31BBF2F92AE107580033A488 /* RootViewController.swift */; };
		BC559B6B2ABBE24A006409CA /* AppDelegate.swift in Sources */ = {isa = PBXBuildFile; fileRef = BC559B6A2ABBE24A006409CA /* AppDelegate.swift */; };
		BC559B6D2ABBE24A006409CA /* SceneDelegate.swift in Sources */ = {isa = PBXBuildFile; fileRef = BC559B6C2ABBE24A006409CA /* SceneDelegate.swift */; };
		BC559B722ABBE24A006409CA /* Main.storyboard in Resources */ = {isa = PBXBuildFile; fileRef = BC559B702ABBE24A006409CA /* Main.storyboard */; };
		BC559B742ABBE24B006409CA /* Assets.xcassets in Resources */ = {isa = PBXBuildFile; fileRef = BC559B732ABBE24B006409CA /* Assets.xcassets */; };
		BC559B772ABBE24B006409CA /* LaunchScreen.storyboard in Resources */ = {isa = PBXBuildFile; fileRef = BC559B752ABBE24B006409CA /* LaunchScreen.storyboard */; };
		DA215A2C44CE83291DD51475 /* Pods_iOSNative.framework in Frameworks */ = {isa = PBXBuildFile; fileRef = 01EFCF0AD8694A1D244C0CDA /* Pods_iOSNative.framework */; };
/* End PBXBuildFile section */

/* Begin PBXCopyFilesBuildPhase section */
		BC3E735D2AC154AC002BF1EB /* Embed Frameworks */ = {
			isa = PBXCopyFilesBuildPhase;
			buildActionMask = 2147483647;
			dstPath = "";
			dstSubfolderSpec = 10;
			files = (
			);
			name = "Embed Frameworks";
			runOnlyForDeploymentPostprocessing = 0;
		};
/* End PBXCopyFilesBuildPhase section */

/* Begin PBXFileReference section */
		01EFCF0AD8694A1D244C0CDA /* Pods_iOSNative.framework */ = {isa = PBXFileReference; explicitFileType = wrapper.framework; includeInIndex = 0; path = Pods_iOSNative.framework; sourceTree = BUILT_PRODUCTS_DIR; };
		31BBF2C82AE101700033A488 /* ReadMe */ = {isa = PBXFileReference; fileEncoding = 4; lastKnownFileType = text; path = ReadMe; sourceTree = "<group>"; };
		31BBF2CA2AE101FD0033A488 /* www */ = {isa = PBXFileReference; fileEncoding = 4; lastKnownFileType = text; name = www; path = CordovaTemp/platforms/ios/www; sourceTree = SOURCE_ROOT; };
		31BBF2CC2AE102120033A488 /* config.xml */ = {isa = PBXFileReference; fileEncoding = 4; lastKnownFileType = text.xml; name = config.xml; path = CordovaTemp/platforms/ios/HelloCordova/config.xml; sourceTree = SOURCE_ROOT; };
		31BBF2D02AE1021F0033A488 /* CDVAssetLibraryFilesystem.h */ = {isa = PBXFileReference; fileEncoding = 4; lastKnownFileType = sourcecode.c.h; path = CDVAssetLibraryFilesystem.h; sourceTree = "<group>"; };
		31BBF2D12AE1021F0033A488 /* CDVFile.m */ = {isa = PBXFileReference; fileEncoding = 4; lastKnownFileType = sourcecode.c.objc; path = CDVFile.m; sourceTree = "<group>"; };
		31BBF2D22AE1021F0033A488 /* CDVLocalFilesystem.h */ = {isa = PBXFileReference; fileEncoding = 4; lastKnownFileType = sourcecode.c.h; path = CDVLocalFilesystem.h; sourceTree = "<group>"; };
		31BBF2D32AE1021F0033A488 /* CDVAssetLibraryFilesystem.m */ = {isa = PBXFileReference; fileEncoding = 4; lastKnownFileType = sourcecode.c.objc; path = CDVAssetLibraryFilesystem.m; sourceTree = "<group>"; };
		31BBF2D42AE1021F0033A488 /* CDVLocalFilesystem.m */ = {isa = PBXFileReference; fileEncoding = 4; lastKnownFileType = sourcecode.c.objc; path = CDVLocalFilesystem.m; sourceTree = "<group>"; };
		31BBF2D52AE1021F0033A488 /* CDVFile.h */ = {isa = PBXFileReference; fileEncoding = 4; lastKnownFileType = sourcecode.c.h; path = CDVFile.h; sourceTree = "<group>"; };
		31BBF2D72AE1021F0033A488 /* FileOpener2.h */ = {isa = PBXFileReference; fileEncoding = 4; lastKnownFileType = sourcecode.c.h; path = FileOpener2.h; sourceTree = "<group>"; };
		31BBF2D82AE1021F0033A488 /* FileOpener2.m */ = {isa = PBXFileReference; fileEncoding = 4; lastKnownFileType = sourcecode.c.objc; path = FileOpener2.m; sourceTree = "<group>"; };
		31BBF2DA2AE1021F0033A488 /* CDVDevice.m */ = {isa = PBXFileReference; fileEncoding = 4; lastKnownFileType = sourcecode.c.objc; path = CDVDevice.m; sourceTree = "<group>"; };
		31BBF2DB2AE1021F0033A488 /* CDVDevice.h */ = {isa = PBXFileReference; fileEncoding = 4; lastKnownFileType = sourcecode.c.h; path = CDVDevice.h; sourceTree = "<group>"; };
		31BBF2DC2AE1021F0033A488 /* README */ = {isa = PBXFileReference; fileEncoding = 4; lastKnownFileType = text; path = README; sourceTree = "<group>"; };
		31BBF2DE2AE1021F0033A488 /* CDVConnection.h */ = {isa = PBXFileReference; fileEncoding = 4; lastKnownFileType = sourcecode.c.h; path = CDVConnection.h; sourceTree = "<group>"; };
		31BBF2DF2AE1021F0033A488 /* CDVReachability.m */ = {isa = PBXFileReference; fileEncoding = 4; lastKnownFileType = sourcecode.c.objc; path = CDVReachability.m; sourceTree = "<group>"; };
		31BBF2E02AE1021F0033A488 /* CDVConnection.m */ = {isa = PBXFileReference; fileEncoding = 4; lastKnownFileType = sourcecode.c.objc; path = CDVConnection.m; sourceTree = "<group>"; };
		31BBF2E12AE1021F0033A488 /* CDVReachability.h */ = {isa = PBXFileReference; fileEncoding = 4; lastKnownFileType = sourcecode.c.h; path = CDVReachability.h; sourceTree = "<group>"; };
		31BBF2E32AE1021F0033A488 /* UIImage+CropScaleOrientation.h */ = {isa = PBXFileReference; fileEncoding = 4; lastKnownFileType = sourcecode.c.h; path = "UIImage+CropScaleOrientation.h"; sourceTree = "<group>"; };
		31BBF2E42AE1021F0033A488 /* CDVExif.h */ = {isa = PBXFileReference; fileEncoding = 4; lastKnownFileType = sourcecode.c.h; path = CDVExif.h; sourceTree = "<group>"; };
		31BBF2E52AE1021F0033A488 /* CDVJpegHeaderWriter.h */ = {isa = PBXFileReference; fileEncoding = 4; lastKnownFileType = sourcecode.c.h; path = CDVJpegHeaderWriter.h; sourceTree = "<group>"; };
		31BBF2E62AE1021F0033A488 /* CDVCamera.m */ = {isa = PBXFileReference; fileEncoding = 4; lastKnownFileType = sourcecode.c.objc; path = CDVCamera.m; sourceTree = "<group>"; };
		31BBF2E72AE1021F0033A488 /* UIImage+CropScaleOrientation.m */ = {isa = PBXFileReference; fileEncoding = 4; lastKnownFileType = sourcecode.c.objc; path = "UIImage+CropScaleOrientation.m"; sourceTree = "<group>"; };
		31BBF2E82AE1021F0033A488 /* CDVJpegHeaderWriter.m */ = {isa = PBXFileReference; fileEncoding = 4; lastKnownFileType = sourcecode.c.objc; path = CDVJpegHeaderWriter.m; sourceTree = "<group>"; };
		31BBF2E92AE1021F0033A488 /* CDVCamera.h */ = {isa = PBXFileReference; fileEncoding = 4; lastKnownFileType = sourcecode.c.h; path = CDVCamera.h; sourceTree = "<group>"; };
		31BBF2EB2AE1021F0033A488 /* CDVStatusBar.m */ = {isa = PBXFileReference; fileEncoding = 4; lastKnownFileType = sourcecode.c.objc; path = CDVStatusBar.m; sourceTree = "<group>"; };
		31BBF2EC2AE1021F0033A488 /* CDVStatusBar.h */ = {isa = PBXFileReference; fileEncoding = 4; lastKnownFileType = sourcecode.c.h; path = CDVStatusBar.h; sourceTree = "<group>"; };
		31BBF2F92AE107580033A488 /* RootViewController.swift */ = {isa = PBXFileReference; fileEncoding = 4; lastKnownFileType = sourcecode.swift; path = RootViewController.swift; sourceTree = "<group>"; };
		417DDC2558FC797AC316586C /* Pods-iOSNative.debug.xcconfig */ = {isa = PBXFileReference; includeInIndex = 1; lastKnownFileType = text.xcconfig; name = "Pods-iOSNative.debug.xcconfig"; path = "Target Support Files/Pods-iOSNative/Pods-iOSNative.debug.xcconfig"; sourceTree = "<group>"; };
		6E4AB73AAA02025291A8DC14 /* Pods-iOSNative.release.xcconfig */ = {isa = PBXFileReference; includeInIndex = 1; lastKnownFileType = text.xcconfig; name = "Pods-iOSNative.release.xcconfig"; path = "Target Support Files/Pods-iOSNative/Pods-iOSNative.release.xcconfig"; sourceTree = "<group>"; };
		BC3E735A2AC154AC002BF1EB /* Cordova.framework */ = {isa = PBXFileReference; lastKnownFileType = wrapper.framework; name = Cordova.framework; path = Carthage/Build/iOS/Cordova.framework; sourceTree = "<group>"; };
		BC559B672ABBE24A006409CA /* iOSNative.app */ = {isa = PBXFileReference; explicitFileType = wrapper.application; includeInIndex = 0; path = iOSNative.app; sourceTree = BUILT_PRODUCTS_DIR; };
		BC559B6A2ABBE24A006409CA /* AppDelegate.swift */ = {isa = PBXFileReference; lastKnownFileType = sourcecode.swift; path = AppDelegate.swift; sourceTree = "<group>"; };
		BC559B6C2ABBE24A006409CA /* SceneDelegate.swift */ = {isa = PBXFileReference; lastKnownFileType = sourcecode.swift; path = SceneDelegate.swift; sourceTree = "<group>"; };
		BC559B712ABBE24A006409CA /* Base */ = {isa = PBXFileReference; lastKnownFileType = file.storyboard; name = Base; path = Base.lproj/Main.storyboard; sourceTree = "<group>"; };
		BC559B732ABBE24B006409CA /* Assets.xcassets */ = {isa = PBXFileReference; lastKnownFileType = folder.assetcatalog; path = Assets.xcassets; sourceTree = "<group>"; };
		BC559B762ABBE24B006409CA /* Base */ = {isa = PBXFileReference; lastKnownFileType = file.storyboard; name = Base; path = Base.lproj/LaunchScreen.storyboard; sourceTree = "<group>"; };
		BC559B782ABBE24B006409CA /* Info.plist */ = {isa = PBXFileReference; lastKnownFileType = text.plist.xml; path = Info.plist; sourceTree = "<group>"; };
/* End PBXFileReference section */

/* Begin PBXFrameworksBuildPhase section */
		BC559B642ABBE24A006409CA /* Frameworks */ = {
			isa = PBXFrameworksBuildPhase;
			buildActionMask = 2147483647;
			files = (
				DA215A2C44CE83291DD51475 /* Pods_iOSNative.framework in Frameworks */,
			);
			runOnlyForDeploymentPostprocessing = 0;
		};
/* End PBXFrameworksBuildPhase section */

/* Begin PBXGroup section */
		2D9648AC6837DA05988469F5 /* Frameworks */ = {
			isa = PBXGroup;
			children = (
				BC3E735A2AC154AC002BF1EB /* Cordova.framework */,
				01EFCF0AD8694A1D244C0CDA /* Pods_iOSNative.framework */,
			);
			name = Frameworks;
			sourceTree = "<group>";
		};
		31BBF16A2AE0FF990033A488 /* Cordova */ = {
			isa = PBXGroup;
			children = (
				31BBF2C82AE101700033A488 /* ReadMe */,
				31BBF2CC2AE102120033A488 /* config.xml */,
				31BBF2CE2AE1021F0033A488 /* Plugins */,
				31BBF2CA2AE101FD0033A488 /* www */,
			);
			path = Cordova;
			sourceTree = "<group>";
		};
		31BBF2CE2AE1021F0033A488 /* Plugins */ = {
			isa = PBXGroup;
			children = (
				31BBF2DC2AE1021F0033A488 /* README */,
				31BBF2CF2AE1021F0033A488 /* cordova-plugin-file */,
				31BBF2D62AE1021F0033A488 /* cordova-plugin-file-opener2 */,
				31BBF2D92AE1021F0033A488 /* cordova-plugin-device */,
				31BBF2DD2AE1021F0033A488 /* cordova-plugin-network-information */,
				31BBF2E22AE1021F0033A488 /* cordova-plugin-camera */,
				31BBF2EA2AE1021F0033A488 /* cordova-plugin-statusbar */,
			);
			name = Plugins;
			path = CordovaTemp/platforms/ios/HelloCordova/Plugins;
			sourceTree = SOURCE_ROOT;
		};
		31BBF2CF2AE1021F0033A488 /* cordova-plugin-file */ = {
			isa = PBXGroup;
			children = (
				31BBF2D02AE1021F0033A488 /* CDVAssetLibraryFilesystem.h */,
				31BBF2D12AE1021F0033A488 /* CDVFile.m */,
				31BBF2D22AE1021F0033A488 /* CDVLocalFilesystem.h */,
				31BBF2D32AE1021F0033A488 /* CDVAssetLibraryFilesystem.m */,
				31BBF2D42AE1021F0033A488 /* CDVLocalFilesystem.m */,
				31BBF2D52AE1021F0033A488 /* CDVFile.h */,
			);
			path = "cordova-plugin-file";
			sourceTree = "<group>";
		};
		31BBF2D62AE1021F0033A488 /* cordova-plugin-file-opener2 */ = {
			isa = PBXGroup;
			children = (
				31BBF2D72AE1021F0033A488 /* FileOpener2.h */,
				31BBF2D82AE1021F0033A488 /* FileOpener2.m */,
			);
			path = "cordova-plugin-file-opener2";
			sourceTree = "<group>";
		};
		31BBF2D92AE1021F0033A488 /* cordova-plugin-device */ = {
			isa = PBXGroup;
			children = (
				31BBF2DA2AE1021F0033A488 /* CDVDevice.m */,
				31BBF2DB2AE1021F0033A488 /* CDVDevice.h */,
			);
			path = "cordova-plugin-device";
			sourceTree = "<group>";
		};
		31BBF2DD2AE1021F0033A488 /* cordova-plugin-network-information */ = {
			isa = PBXGroup;
			children = (
				31BBF2DE2AE1021F0033A488 /* CDVConnection.h */,
				31BBF2DF2AE1021F0033A488 /* CDVReachability.m */,
				31BBF2E02AE1021F0033A488 /* CDVConnection.m */,
				31BBF2E12AE1021F0033A488 /* CDVReachability.h */,
			);
			path = "cordova-plugin-network-information";
			sourceTree = "<group>";
		};
		31BBF2E22AE1021F0033A488 /* cordova-plugin-camera */ = {
			isa = PBXGroup;
			children = (
				31BBF2E32AE1021F0033A488 /* UIImage+CropScaleOrientation.h */,
				31BBF2E42AE1021F0033A488 /* CDVExif.h */,
				31BBF2E52AE1021F0033A488 /* CDVJpegHeaderWriter.h */,
				31BBF2E62AE1021F0033A488 /* CDVCamera.m */,
				31BBF2E72AE1021F0033A488 /* UIImage+CropScaleOrientation.m */,
				31BBF2E82AE1021F0033A488 /* CDVJpegHeaderWriter.m */,
				31BBF2E92AE1021F0033A488 /* CDVCamera.h */,
			);
			path = "cordova-plugin-camera";
			sourceTree = "<group>";
		};
		31BBF2EA2AE1021F0033A488 /* cordova-plugin-statusbar */ = {
			isa = PBXGroup;
			children = (
				31BBF2EB2AE1021F0033A488 /* CDVStatusBar.m */,
				31BBF2EC2AE1021F0033A488 /* CDVStatusBar.h */,
			);
			path = "cordova-plugin-statusbar";
			sourceTree = "<group>";
		};
		BC559B5E2ABBE24A006409CA = {
			isa = PBXGroup;
			children = (
				BC559B692ABBE24A006409CA /* iOSNative */,
				31BBF16A2AE0FF990033A488 /* Cordova */,
				BC559B682ABBE24A006409CA /* Products */,
				FC10CD4E6C675F5D07B29B64 /* Pods */,
				2D9648AC6837DA05988469F5 /* Frameworks */,
			);
			sourceTree = "<group>";
		};
		BC559B682ABBE24A006409CA /* Products */ = {
			isa = PBXGroup;
			children = (
				BC559B672ABBE24A006409CA /* iOSNative.app */,
			);
			name = Products;
			sourceTree = "<group>";
		};
		BC559B692ABBE24A006409CA /* iOSNative */ = {
			isa = PBXGroup;
			children = (
				BC559B6A2ABBE24A006409CA /* AppDelegate.swift */,
				BC559B6C2ABBE24A006409CA /* SceneDelegate.swift */,
				31BBF2F92AE107580033A488 /* RootViewController.swift */,
				BC559B702ABBE24A006409CA /* Main.storyboard */,
				BC559B732ABBE24B006409CA /* Assets.xcassets */,
				BC559B752ABBE24B006409CA /* LaunchScreen.storyboard */,
				BC559B782ABBE24B006409CA /* Info.plist */,
			);
			path = iOSNative;
			sourceTree = "<group>";
		};
		FC10CD4E6C675F5D07B29B64 /* Pods */ = {
			isa = PBXGroup;
			children = (
				417DDC2558FC797AC316586C /* Pods-iOSNative.debug.xcconfig */,
				6E4AB73AAA02025291A8DC14 /* Pods-iOSNative.release.xcconfig */,
			);
			path = Pods;
			sourceTree = "<group>";
		};
/* End PBXGroup section */

/* Begin PBXNativeTarget section */
		BC559B662ABBE24A006409CA /* iOSNative */ = {
			isa = PBXNativeTarget;
			buildConfigurationList = BC559B7B2ABBE24B006409CA /* Build configuration list for PBXNativeTarget "iOSNative" */;
			buildPhases = (
				8B2B2D37B3F7A0B9720D90A9 /* [CP] Check Pods Manifest.lock */,
				D7F42F436FB86235448F5138 /* [CP-User] Run Flutter Build flutter_module Script */,
				BC559B632ABBE24A006409CA /* Sources */,
				BC559B642ABBE24A006409CA /* Frameworks */,
				BC559B652ABBE24A006409CA /* Resources */,
				1D3043BC05EF443E7875E591 /* [CP-User] Embed Flutter Build flutter_module Script */,
				BC3E735D2AC154AC002BF1EB /* Embed Frameworks */,
				559CF5949EB16D00E94A3227 /* [CP] Embed Pods Frameworks */,
			);
			buildRules = (
			);
			dependencies = (
			);
			name = iOSNative;
			productName = iOSNative;
			productReference = BC559B672ABBE24A006409CA /* iOSNative.app */;
			productType = "com.apple.product-type.application";
		};
/* End PBXNativeTarget section */

/* Begin PBXProject section */
		BC559B5F2ABBE24A006409CA /* Project object */ = {
			isa = PBXProject;
			attributes = {
				BuildIndependentTargetsInParallel = 1;
				LastSwiftUpdateCheck = 1430;
				LastUpgradeCheck = 1430;
				TargetAttributes = {
					BC559B662ABBE24A006409CA = {
						CreatedOnToolsVersion = 14.3.1;
					};
				};
			};
			buildConfigurationList = BC559B622ABBE24A006409CA /* Build configuration list for PBXProject "iOSNative" */;
			compatibilityVersion = "Xcode 14.0";
			developmentRegion = en;
			hasScannedForEncodings = 0;
			knownRegions = (
				en,
				Base,
			);
			mainGroup = BC559B5E2ABBE24A006409CA;
			productRefGroup = BC559B682ABBE24A006409CA /* Products */;
			projectDirPath = "";
			projectRoot = "";
			targets = (
				BC559B662ABBE24A006409CA /* iOSNative */,
			);
		};
/* End PBXProject section */

/* Begin PBXResourcesBuildPhase section */
		BC559B652ABBE24A006409CA /* Resources */ = {
			isa = PBXResourcesBuildPhase;
			buildActionMask = 2147483647;
			files = (
				BC559B772ABBE24B006409CA /* LaunchScreen.storyboard in Resources */,
				BC559B742ABBE24B006409CA /* Assets.xcassets in Resources */,
				31BBF2C92AE101700033A488 /* ReadMe in Resources */,
				31BBF2CD2AE102120033A488 /* config.xml in Resources */,
				31BBF2CB2AE101FD0033A488 /* www in Resources */,
				BC559B722ABBE24A006409CA /* Main.storyboard in Resources */,
				31BBF2F22AE1021F0033A488 /* README in Resources */,
			);
			runOnlyForDeploymentPostprocessing = 0;
		};
/* End PBXResourcesBuildPhase section */

/* Begin PBXShellScriptBuildPhase section */
		1D3043BC05EF443E7875E591 /* [CP-User] Embed Flutter Build flutter_module Script */ = {
			isa = PBXShellScriptBuildPhase;
			buildActionMask = 2147483647;
			files = (
			);
			name = "[CP-User] Embed Flutter Build flutter_module Script";
			runOnlyForDeploymentPostprocessing = 0;
			shellPath = /bin/sh;
			shellScript = "set -e\nset -u\nsource \"${SRCROOT}/../flutter_module/.ios/Flutter/flutter_export_environment.sh\"\nexport VERBOSE_SCRIPT_LOGGING=1 && \"$FLUTTER_ROOT\"/packages/flutter_tools/bin/xcode_backend.sh embed_and_thin";
		};
		559CF5949EB16D00E94A3227 /* [CP] Embed Pods Frameworks */ = {
			isa = PBXShellScriptBuildPhase;
			buildActionMask = 2147483647;
			files = (
			);
			inputFileListPaths = (
				"${PODS_ROOT}/Target Support Files/Pods-iOSNative/Pods-iOSNative-frameworks-${CONFIGURATION}-input-files.xcfilelist",
			);
			name = "[CP] Embed Pods Frameworks";
			outputFileListPaths = (
				"${PODS_ROOT}/Target Support Files/Pods-iOSNative/Pods-iOSNative-frameworks-${CONFIGURATION}-output-files.xcfilelist",
			);
			runOnlyForDeploymentPostprocessing = 0;
			shellPath = /bin/sh;
			shellScript = "\"${PODS_ROOT}/Target Support Files/Pods-iOSNative/Pods-iOSNative-frameworks.sh\"\n";
			showEnvVarsInLog = 0;
		};
		8B2B2D37B3F7A0B9720D90A9 /* [CP] Check Pods Manifest.lock */ = {
			isa = PBXShellScriptBuildPhase;
			buildActionMask = 2147483647;
			files = (
			);
			inputFileListPaths = (
			);
			inputPaths = (
				"${PODS_PODFILE_DIR_PATH}/Podfile.lock",
				"${PODS_ROOT}/Manifest.lock",
			);
			name = "[CP] Check Pods Manifest.lock";
			outputFileListPaths = (
			);
			outputPaths = (
				"$(DERIVED_FILE_DIR)/Pods-iOSNative-checkManifestLockResult.txt",
			);
			runOnlyForDeploymentPostprocessing = 0;
			shellPath = /bin/sh;
			shellScript = "diff \"${PODS_PODFILE_DIR_PATH}/Podfile.lock\" \"${PODS_ROOT}/Manifest.lock\" > /dev/null\nif [ $? != 0 ] ; then\n    # print error to STDERR\n    echo \"error: The sandbox is not in sync with the Podfile.lock. Run 'pod install' or update your CocoaPods installation.\" >&2\n    exit 1\nfi\n# This output is used by Xcode 'outputs' to avoid re-running this script phase.\necho \"SUCCESS\" > \"${SCRIPT_OUTPUT_FILE_0}\"\n";
			showEnvVarsInLog = 0;
		};
		D7F42F436FB86235448F5138 /* [CP-User] Run Flutter Build flutter_module Script */ = {
			isa = PBXShellScriptBuildPhase;
			buildActionMask = 2147483647;
			files = (
			);
			name = "[CP-User] Run Flutter Build flutter_module Script";
			runOnlyForDeploymentPostprocessing = 0;
			shellPath = /bin/sh;
			shellScript = "set -e\nset -u\nsource \"${SRCROOT}/../flutter_module/.ios/Flutter/flutter_export_environment.sh\"\nexport VERBOSE_SCRIPT_LOGGING=1 && \"$FLUTTER_ROOT\"/packages/flutter_tools/bin/xcode_backend.sh build";
		};
/* End PBXShellScriptBuildPhase section */

/* Begin PBXSourcesBuildPhase section */
		BC559B632ABBE24A006409CA /* Sources */ = {
			isa = PBXSourcesBuildPhase;
			buildActionMask = 2147483647;
			files = (
				BC559B6B2ABBE24A006409CA /* AppDelegate.swift in Sources */,
				31BBF2F82AE1021F0033A488 /* CDVStatusBar.m in Sources */,
				31BBF2F62AE1021F0033A488 /* UIImage+CropScaleOrientation.m in Sources */,
				31BBF2ED2AE1021F0033A488 /* CDVFile.m in Sources */,
				31BBF2EF2AE1021F0033A488 /* CDVLocalFilesystem.m in Sources */,
				31BBF2F42AE1021F0033A488 /* CDVConnection.m in Sources */,
				31BBF2F12AE1021F0033A488 /* CDVDevice.m in Sources */,
				31BBF2F72AE1021F0033A488 /* CDVJpegHeaderWriter.m in Sources */,
				31BBF2F02AE1021F0033A488 /* FileOpener2.m in Sources */,
				31BBF2EE2AE1021F0033A488 /* CDVAssetLibraryFilesystem.m in Sources */,
				31BBF2FA2AE107580033A488 /* RootViewController.swift in Sources */,
				31BBF2F52AE1021F0033A488 /* CDVCamera.m in Sources */,
				31BBF2F32AE1021F0033A488 /* CDVReachability.m in Sources */,
				BC559B6D2ABBE24A006409CA /* SceneDelegate.swift in Sources */,
			);
			runOnlyForDeploymentPostprocessing = 0;
		};
/* End PBXSourcesBuildPhase section */

/* Begin PBXVariantGroup section */
		BC559B702ABBE24A006409CA /* Main.storyboard */ = {
			isa = PBXVariantGroup;
			children = (
				BC559B712ABBE24A006409CA /* Base */,
			);
			name = Main.storyboard;
			sourceTree = "<group>";
		};
		BC559B752ABBE24B006409CA /* LaunchScreen.storyboard */ = {
			isa = PBXVariantGroup;
			children = (
				BC559B762ABBE24B006409CA /* Base */,
			);
			name = LaunchScreen.storyboard;
			sourceTree = "<group>";
		};
/* End PBXVariantGroup section */

/* Begin XCBuildConfiguration section */
		BC559B792ABBE24B006409CA /* Debug */ = {
			isa = XCBuildConfiguration;
			buildSettings = {
				ALWAYS_SEARCH_USER_PATHS = NO;
				CLANG_ANALYZER_NONNULL = YES;
				CLANG_ANALYZER_NUMBER_OBJECT_CONVERSION = YES_AGGRESSIVE;
				CLANG_CXX_LANGUAGE_STANDARD = "gnu++20";
				CLANG_ENABLE_MODULES = YES;
				CLANG_ENABLE_OBJC_ARC = YES;
				CLANG_ENABLE_OBJC_WEAK = YES;
				CLANG_WARN_BLOCK_CAPTURE_AUTORELEASING = YES;
				CLANG_WARN_BOOL_CONVERSION = YES;
				CLANG_WARN_COMMA = YES;
				CLANG_WARN_CONSTANT_CONVERSION = YES;
				CLANG_WARN_DEPRECATED_OBJC_IMPLEMENTATIONS = YES;
				CLANG_WARN_DIRECT_OBJC_ISA_USAGE = YES_ERROR;
				CLANG_WARN_DOCUMENTATION_COMMENTS = YES;
				CLANG_WARN_EMPTY_BODY = YES;
				CLANG_WARN_ENUM_CONVERSION = YES;
				CLANG_WARN_INFINITE_RECURSION = YES;
				CLANG_WARN_INT_CONVERSION = YES;
				CLANG_WARN_NON_LITERAL_NULL_CONVERSION = YES;
				CLANG_WARN_OBJC_IMPLICIT_RETAIN_SELF = YES;
				CLANG_WARN_OBJC_LITERAL_CONVERSION = YES;
				CLANG_WARN_OBJC_ROOT_CLASS = YES_ERROR;
				CLANG_WARN_QUOTED_INCLUDE_IN_FRAMEWORK_HEADER = YES;
				CLANG_WARN_RANGE_LOOP_ANALYSIS = YES;
				CLANG_WARN_STRICT_PROTOTYPES = YES;
				CLANG_WARN_SUSPICIOUS_MOVE = YES;
				CLANG_WARN_UNGUARDED_AVAILABILITY = YES_AGGRESSIVE;
				CLANG_WARN_UNREACHABLE_CODE = YES;
				CLANG_WARN__DUPLICATE_METHOD_MATCH = YES;
				COPY_PHASE_STRIP = NO;
				DEBUG_INFORMATION_FORMAT = dwarf;
				ENABLE_STRICT_OBJC_MSGSEND = YES;
				ENABLE_TESTABILITY = YES;
				GCC_C_LANGUAGE_STANDARD = gnu11;
				GCC_DYNAMIC_NO_PIC = NO;
				GCC_NO_COMMON_BLOCKS = YES;
				GCC_OPTIMIZATION_LEVEL = 0;
				GCC_PREPROCESSOR_DEFINITIONS = (
					"DEBUG=1",
					"$(inherited)",
				);
				GCC_WARN_64_TO_32_BIT_CONVERSION = YES;
				GCC_WARN_ABOUT_RETURN_TYPE = YES_ERROR;
				GCC_WARN_UNDECLARED_SELECTOR = YES;
				GCC_WARN_UNINITIALIZED_AUTOS = YES_AGGRESSIVE;
				GCC_WARN_UNUSED_FUNCTION = YES;
				GCC_WARN_UNUSED_VARIABLE = YES;
				IPHONEOS_DEPLOYMENT_TARGET = 16.4;
				MTL_ENABLE_DEBUG_INFO = INCLUDE_SOURCE;
				MTL_FAST_MATH = YES;
				ONLY_ACTIVE_ARCH = YES;
				SDKROOT = iphoneos;
				SWIFT_ACTIVE_COMPILATION_CONDITIONS = DEBUG;
				SWIFT_OPTIMIZATION_LEVEL = "-Onone";
			};
			name = Debug;
		};
		BC559B7A2ABBE24B006409CA /* Release */ = {
			isa = XCBuildConfiguration;
			buildSettings = {
				ALWAYS_SEARCH_USER_PATHS = NO;
				CLANG_ANALYZER_NONNULL = YES;
				CLANG_ANALYZER_NUMBER_OBJECT_CONVERSION = YES_AGGRESSIVE;
				CLANG_CXX_LANGUAGE_STANDARD = "gnu++20";
				CLANG_ENABLE_MODULES = YES;
				CLANG_ENABLE_OBJC_ARC = YES;
				CLANG_ENABLE_OBJC_WEAK = YES;
				CLANG_WARN_BLOCK_CAPTURE_AUTORELEASING = YES;
				CLANG_WARN_BOOL_CONVERSION = YES;
				CLANG_WARN_COMMA = YES;
				CLANG_WARN_CONSTANT_CONVERSION = YES;
				CLANG_WARN_DEPRECATED_OBJC_IMPLEMENTATIONS = YES;
				CLANG_WARN_DIRECT_OBJC_ISA_USAGE = YES_ERROR;
				CLANG_WARN_DOCUMENTATION_COMMENTS = YES;
				CLANG_WARN_EMPTY_BODY = YES;
				CLANG_WARN_ENUM_CONVERSION = YES;
				CLANG_WARN_INFINITE_RECURSION = YES;
				CLANG_WARN_INT_CONVERSION = YES;
				CLANG_WARN_NON_LITERAL_NULL_CONVERSION = YES;
				CLANG_WARN_OBJC_IMPLICIT_RETAIN_SELF = YES;
				CLANG_WARN_OBJC_LITERAL_CONVERSION = YES;
				CLANG_WARN_OBJC_ROOT_CLASS = YES_ERROR;
				CLANG_WARN_QUOTED_INCLUDE_IN_FRAMEWORK_HEADER = YES;
				CLANG_WARN_RANGE_LOOP_ANALYSIS = YES;
				CLANG_WARN_STRICT_PROTOTYPES = YES;
				CLANG_WARN_SUSPICIOUS_MOVE = YES;
				CLANG_WARN_UNGUARDED_AVAILABILITY = YES_AGGRESSIVE;
				CLANG_WARN_UNREACHABLE_CODE = YES;
				CLANG_WARN__DUPLICATE_METHOD_MATCH = YES;
				COPY_PHASE_STRIP = NO;
				DEBUG_INFORMATION_FORMAT = "dwarf-with-dsym";
				ENABLE_NS_ASSERTIONS = NO;
				ENABLE_STRICT_OBJC_MSGSEND = YES;
				GCC_C_LANGUAGE_STANDARD = gnu11;
				GCC_NO_COMMON_BLOCKS = YES;
				GCC_WARN_64_TO_32_BIT_CONVERSION = YES;
				GCC_WARN_ABOUT_RETURN_TYPE = YES_ERROR;
				GCC_WARN_UNDECLARED_SELECTOR = YES;
				GCC_WARN_UNINITIALIZED_AUTOS = YES_AGGRESSIVE;
				GCC_WARN_UNUSED_FUNCTION = YES;
				GCC_WARN_UNUSED_VARIABLE = YES;
				IPHONEOS_DEPLOYMENT_TARGET = 16.4;
				MTL_ENABLE_DEBUG_INFO = NO;
				MTL_FAST_MATH = YES;
				SDKROOT = iphoneos;
				SWIFT_COMPILATION_MODE = wholemodule;
				SWIFT_OPTIMIZATION_LEVEL = "-O";
				VALIDATE_PRODUCT = YES;
			};
			name = Release;
		};
		BC559B7C2ABBE24B006409CA /* Debug */ = {
			isa = XCBuildConfiguration;
			baseConfigurationReference = 417DDC2558FC797AC316586C /* Pods-iOSNative.debug.xcconfig */;
			buildSettings = {
				ASSETCATALOG_COMPILER_APPICON_NAME = AppIcon;
				ASSETCATALOG_COMPILER_GLOBAL_ACCENT_COLOR_NAME = AccentColor;
				"CODE_SIGN_IDENTITY[sdk=iphoneos*]" = "iPhone Developer";
				CODE_SIGN_STYLE = Manual;
				CURRENT_PROJECT_VERSION = 1;
				DEVELOPMENT_TEAM = "";
				"DEVELOPMENT_TEAM[sdk=iphoneos*]" = 2FRD63M4H9;
				FRAMEWORK_SEARCH_PATHS = "$(inherited)";
				GENERATE_INFOPLIST_FILE = YES;
				INFOPLIST_FILE = iOSNative/Info.plist;
				INFOPLIST_KEY_UIApplicationSupportsIndirectInputEvents = YES;
				INFOPLIST_KEY_UILaunchStoryboardName = LaunchScreen;
				INFOPLIST_KEY_UIMainStoryboardFile = Main;
				INFOPLIST_KEY_UISupportedInterfaceOrientations_iPad = "UIInterfaceOrientationPortrait UIInterfaceOrientationPortraitUpsideDown UIInterfaceOrientationLandscapeLeft UIInterfaceOrientationLandscapeRight";
				INFOPLIST_KEY_UISupportedInterfaceOrientations_iPhone = "UIInterfaceOrientationPortrait UIInterfaceOrientationLandscapeLeft UIInterfaceOrientationLandscapeRight";
				LD_RUNPATH_SEARCH_PATHS = (
					"$(inherited)",
					"@executable_path/Frameworks",
				);
				MARKETING_VERSION = 1.0;
				PRODUCT_BUNDLE_IDENTIFIER = com.trinasolar.residential.thirdpartytest;
				PRODUCT_NAME = "$(TARGET_NAME)";
				PROVISIONING_PROFILE_SPECIFIER = "";
				"PROVISIONING_PROFILE_SPECIFIER[sdk=iphoneos*]" = ThirdPartyTest;
				SWIFT_EMIT_LOC_STRINGS = YES;
				SWIFT_VERSION = 5.0;
				TARGETED_DEVICE_FAMILY = "1,2";
			};
			name = Debug;
		};
		BC559B7D2ABBE24B006409CA /* Release */ = {
			isa = XCBuildConfiguration;
			baseConfigurationReference = 6E4AB73AAA02025291A8DC14 /* Pods-iOSNative.release.xcconfig */;
			buildSettings = {
				ASSETCATALOG_COMPILER_APPICON_NAME = AppIcon;
				ASSETCATALOG_COMPILER_GLOBAL_ACCENT_COLOR_NAME = AccentColor;
				"CODE_SIGN_IDENTITY[sdk=iphoneos*]" = "iPhone Developer";
				CODE_SIGN_STYLE = Manual;
				CURRENT_PROJECT_VERSION = 1;
				DEVELOPMENT_TEAM = "";
				"DEVELOPMENT_TEAM[sdk=iphoneos*]" = 2FRD63M4H9;
				FRAMEWORK_SEARCH_PATHS = "$(inherited)";
				GENERATE_INFOPLIST_FILE = YES;
				INFOPLIST_FILE = iOSNative/Info.plist;
				INFOPLIST_KEY_UIApplicationSupportsIndirectInputEvents = YES;
				INFOPLIST_KEY_UILaunchStoryboardName = LaunchScreen;
				INFOPLIST_KEY_UIMainStoryboardFile = Main;
				INFOPLIST_KEY_UISupportedInterfaceOrientations_iPad = "UIInterfaceOrientationPortrait UIInterfaceOrientationPortraitUpsideDown UIInterfaceOrientationLandscapeLeft UIInterfaceOrientationLandscapeRight";
				INFOPLIST_KEY_UISupportedInterfaceOrientations_iPhone = "UIInterfaceOrientationPortrait UIInterfaceOrientationLandscapeLeft UIInterfaceOrientationLandscapeRight";
				LD_RUNPATH_SEARCH_PATHS = (
					"$(inherited)",
					"@executable_path/Frameworks",
				);
				MARKETING_VERSION = 1.0;
				PRODUCT_BUNDLE_IDENTIFIER = com.trinasolar.residential.thirdpartytest;
				PRODUCT_NAME = "$(TARGET_NAME)";
				PROVISIONING_PROFILE_SPECIFIER = "";
				"PROVISIONING_PROFILE_SPECIFIER[sdk=iphoneos*]" = ThirdPartyTest;
				SWIFT_EMIT_LOC_STRINGS = YES;
				SWIFT_VERSION = 5.0;
				TARGETED_DEVICE_FAMILY = "1,2";
			};
			name = Release;
		};
/* End XCBuildConfiguration section */

/* Begin XCConfigurationList section */
		BC559B622ABBE24A006409CA /* Build configuration list for PBXProject "iOSNative" */ = {
			isa = XCConfigurationList;
			buildConfigurations = (
				BC559B792ABBE24B006409CA /* Debug */,
				BC559B7A2ABBE24B006409CA /* Release */,
			);
			defaultConfigurationIsVisible = 0;
			defaultConfigurationName = Release;
		};
		BC559B7B2ABBE24B006409CA /* Build configuration list for PBXNativeTarget "iOSNative" */ = {
			isa = XCConfigurationList;
			buildConfigurations = (
				BC559B7C2ABBE24B006409CA /* Debug */,
				BC559B7D2ABBE24B006409CA /* Release */,
			);
			defaultConfigurationIsVisible = 0;
			defaultConfigurationName = Release;
		};
/* End XCConfigurationList section */
	};
	rootObject = BC559B5F2ABBE24A006409CA /* Project object */;
}
